hash: d21fd185528e7b58b57c5c559a4be6881c1ab8e15658d46b6047af458e998845
updated: 2016-07-20T14:01:29.394819232-07:00
imports:
- name: github.com/cloudfoundry-incubator/candiedyaml
  version: 99c3df83b51532e3615f851d8c2dbb638f5313bf
- name: github.com/coreos/etcd
  version: 1ba7bb237fd54884381c7d4d46d78010d7aac2ad
  subpackages:
  - client
  - pkg/transport
  - pkg/pathutil
  - pkg/types
  - pkg/fileutil
  - pkg/tlsutil
- name: github.com/coreos/go-systemd
  version: d4039021cfc2d0ea21d34afda21631314e83f75a
  subpackages:
  - journal
- name: github.com/coreos/pkg
  version: a48e304ff9331be6d5df352b6b47bd1395ab5dd7
  subpackages:
  - capnslog
- name: github.com/docopt/docopt-go
  version: 784ddc588536785e7299f7272f39101f7faccc3f
- name: github.com/ghodss/yaml
  version: aa0c862057666179de291b67d9f093d12b5a8473
- name: github.com/golang/glog
  version: 23def4e6c14b4da8ac2ed8007337bc5eb5007998
- name: github.com/kelseyhightower/envconfig
  version: 91921eb4cf999321cdbeebdba5a03555800d493b
- name: github.com/ugorji/go
  version: b94837a2404ab90efe9289e77a70694c355739cb
  subpackages:
  - codec
- name: golang.org/x/net
  version: a728288923b47049b2ce791836767ffbe964a5bd
  subpackages:
  - context
- name: gopkg.in/go-playground/validator.v8
  version: 7a080ada5ba072a91fd7f677bcf4d0e1aa286d39
devImports: []
