hash: 948daa21c3ba00b20f0d2b84d6a2e875a1c86af74c795b248d2a13fe82549109
updated: 2016-08-05T10:46:09.013060942-07:00
imports:
- name: github.com/beorn7/perks
  version: 3ac7bf7a47d159a033b107610db8a1b6575507a4
  subpackages:
  - quantile
- name: github.com/blang/semver
  version: 31b736133b98f26d5e078ec9eb591666edfd091f
- name: github.com/cloudfoundry-incubator/candiedyaml
  version: 99c3df83b51532e3615f851d8c2dbb638f5313bf
- name: github.com/containernetworking/cni
  version: 7c579af7898c2e50fc02de711e031408450979a3
  subpackages:
  - pkg/ip
  - pkg/ipam
  - pkg/ns
  - pkg/skel
  - pkg/types
  - pkg/utils/hwaddr
  - pkg/invoke
- name: github.com/coreos/etcd
  version: 8b320e7c550067b1dfb37bd1682e8067023e0751
  subpackages:
  - client
  - pkg/transport
  - pkg/pathutil
  - pkg/types
  - pkg/tlsutil
- name: github.com/coreos/go-iptables
  version: fbb73372b87f6e89951c2b6b31470c2c9d5cfae3
  subpackages:
  - iptables
- name: github.com/coreos/go-oidc
  version: 5cf2aa52da8c574d3aa4458f471ad6ae2240fe6b
  subpackages:
  - http
  - jose
  - key
  - oauth2
  - oidc
- name: github.com/coreos/go-systemd
  version: 2688e91251d9d8e404e86dd8f096e23b2f086958
  subpackages:
  - activation
  - journal
- name: github.com/coreos/pkg
  version: 7f080b6c11ac2d2347c3cd7521e810207ea1a041
  subpackages:
  - capnslog
  - dlopen
  - health
  - httputil
  - timeutil
- name: github.com/davecgh/go-spew
  version: 5215b55f46b2b919f50a1df0eaa5886afe4e3b3d
  subpackages:
  - spew
- name: github.com/docker/distribution
  version: cd27f179f2c10c5d300e6d09025b538c475b0d51
  subpackages:
  - digest
  - reference
- name: github.com/docker/docker
  version: 0f5c9d301b9b1cca66b3ea0f9dec3b5317d3686d
  subpackages:
  - pkg/jsonmessage
  - pkg/mount
  - pkg/stdcopy
  - pkg/symlink
  - pkg/term
  - pkg/term/winconsole
  - pkg/timeutils
  - pkg/units
- name: github.com/docker/go-units
  version: 0bbddae09c5a5419a8c6dcdd7ff90da3d450393b
- name: github.com/emicklei/go-restful
  version: 7c47e2558a0bbbaba9ecab06bc6681e73028a28a
  subpackages:
  - log
  - swagger
- name: github.com/ghodss/yaml
  version: aa0c862057666179de291b67d9f093d12b5a8473
- name: github.com/gogo/protobuf
  version: 82d16f734d6d871204a3feb1a73cb220cc92574c
  subpackages:
  - gogoproto
  - plugin/defaultcheck
  - plugin/description
  - plugin/embedcheck
  - plugin/enumstringer
  - plugin/equal
  - plugin/face
  - plugin/gostring
  - plugin/grpc
  - plugin/marshalto
  - plugin/oneofcheck
  - plugin/populate
  - plugin/size
  - plugin/stringer
  - plugin/testgen
  - plugin/union
  - plugin/unmarshal
  - proto
  - protoc-gen-gogo/descriptor
  - protoc-gen-gogo/generator
  - protoc-gen-gogo/plugin
  - sortkeys
  - vanity
  - vanity/command
- name: github.com/golang/glog
  version: 23def4e6c14b4da8ac2ed8007337bc5eb5007998
- name: github.com/golang/protobuf
  version: b982704f8bb716bb608144408cff30e15fbde841
  subpackages:
  - proto
- name: github.com/google/cadvisor
  version: c2ea32971ae033041f0fb0f309b1dee94fd1d55f
  subpackages:
  - api
  - cache/memory
  - collector
  - container
  - container/common
  - container/docker
  - container/libcontainer
  - container/raw
  - container/rkt
  - container/systemd
  - devicemapper
  - events
  - fs
  - healthz
  - http
  - http/mux
  - info/v1
  - info/v1/test
  - info/v2
  - machine
  - manager
  - manager/watcher
  - manager/watcher/raw
  - manager/watcher/rkt
  - metrics
  - pages
  - pages/static
  - storage
  - summary
  - utils
  - utils/cloudinfo
  - utils/cpuload
  - utils/cpuload/netlink
  - utils/docker
  - utils/oomparser
  - utils/sysfs
  - utils/sysinfo
  - utils/tail
  - validate
  - version
- name: github.com/google/gofuzz
  version: bbcb9da2d746f8bdbd6a936686a0a6067ada0ec5
- name: github.com/imdario/mergo
  version: 6633656539c1639d9d78127b7d47c622b5d7b6dc
- name: github.com/jonboulle/clockwork
  version: 3f831b65b61282ba6bece21b91beea2edc4c887a
- name: github.com/juju/ratelimit
  version: 77ed1c8a01217656d2080ad51981f6e99adaa177
- name: github.com/kelseyhightower/envconfig
  version: 91921eb4cf999321cdbeebdba5a03555800d493b
- name: github.com/matttproud/golang_protobuf_extensions
  version: fc2b8d3a73c4867e51861bbdd5ae3c1f0869dd6a
  subpackages:
  - pbutil
- name: github.com/onsi/ginkgo
  version: 7f8ab55aaf3b86885aa55b762e803744d1674700
  subpackages:
  - config
  - internal/codelocation
  - internal/failer
  - internal/remote
  - internal/suite
  - internal/testingtproxy
  - internal/writer
  - reporters
  - reporters/stenographer
  - types
  - internal/containernode
  - internal/leafnodes
  - internal/spec
  - internal/specrunner
- name: github.com/onsi/gomega
  version: 2152b45fa28a361beba9aab0885972323a444e28
  subpackages:
  - gexec
  - format
  - gbytes
  - internal/assertion
  - internal/asyncassertion
  - internal/testingtsupport
  - matchers
  - types
  - internal/oraclematcher
  - matchers/support/goraph/bipartitegraph
  - matchers/support/goraph/edge
  - matchers/support/goraph/node
  - matchers/support/goraph/util
- name: github.com/opencontainers/runc
  version: 7ca2aa4873aea7cb4265b1726acb24b90d8726c6
  subpackages:
  - libcontainer
  - libcontainer/apparmor
  - libcontainer/cgroups
  - libcontainer/cgroups/fs
  - libcontainer/cgroups/systemd
  - libcontainer/configs
  - libcontainer/configs/validate
  - libcontainer/criurpc
  - libcontainer/label
  - libcontainer/seccomp
  - libcontainer/selinux
  - libcontainer/stacktrace
  - libcontainer/system
  - libcontainer/user
  - libcontainer/utils
- name: github.com/pborman/uuid
  version: ca53cad383cad2479bbba7f7a1a05797ec1386e4
- name: github.com/prometheus/client_golang
  version: 3b78d7a77f51ccbc364d4bc170920153022cfd08
  subpackages:
  - prometheus
- name: github.com/prometheus/client_model
  version: fa8ad6fec33561be4280a8f0514318c79d7f6cb6
  subpackages:
  - go
- name: github.com/prometheus/common
  version: a6ab08426bb262e2d190097751f5cfd1cfdfd17d
  subpackages:
  - expfmt
  - internal/bitbucket.org/ww/goautoneg
  - model
- name: github.com/prometheus/procfs
  version: 490cc6eb5fa45bf8a8b7b73c8bc82a8160e8531d
- name: github.com/satori/go.uuid
  version: 0aa62d5ddceb50dbcb909d790b5345affd3669b6
- name: github.com/spf13/pflag
  version: 08b1a584251b5b62f458943640fc8ebd4d50aaa5
- name: github.com/tigera/libcalico-go
  version: 372ebe73277d4b6c9138c666939c0d8442c20f3e
  subpackages:
  - lib/api
  - lib/errors
  - lib/net
  - lib/client
  - lib/api/unversioned
  - lib/backend/etcd
  - lib/numorstring
  - lib/validator
  - lib/backend
  - lib/backend/api
  - lib/backend/model
  - lib/selector
  - lib/backend/compat
  - lib/selector/parser
  - lib/hash
  - lib/selector/tokenizer
- name: github.com/ugorji/go
  version: f4485b318aadd133842532f841dc205a8e339d74
  subpackages:
  - codec
  - codec/codecgen
- name: github.com/vishvananda/netlink
  version: ecf47fd5739b3d2c3daf7c89c4b9715a2605c21b
  subpackages:
  - nl
- name: golang.org/x/net
  version: 62685c2d7ca23c807425dca88b11a3e2323dab41
  subpackages:
  - context
  - context/ctxhttp
  - html
  - html/atom
  - http2
  - http2/hpack
  - internal/timeseries
  - proxy
  - trace
  - websocket
- name: golang.org/x/oauth2
  version: b5adcc2dcdf009d0391547edc6ecbaff889f5bb9
  subpackages:
  - google
  - internal
  - jws
  - jwt
- name: golang.org/x/sys
  version: e11762ca30adc5b39fdbfd8c4250dabeb8e456d3
  subpackages:
  - unix
- name: google.golang.org/appengine
  version: 12d5545dc1cfa6047a286d5e853841b6471f4c19
  subpackages:
  - urlfetch
  - internal
  - internal/urlfetch
  - internal/app_identity
  - internal/modules
  - internal/base
  - internal/datastore
  - internal/log
  - internal/remote_api
- name: google.golang.org/cloud
  version: eb47ba841d53d93506cfbfbc03927daf9cc48f88
  subpackages:
  - compute/metadata
  - internal
- name: gopkg.in/go-playground/validator.v8
  version: 5f57d2222ad794d0dffb07e664ea05e2ee07d60c
- name: gopkg.in/inf.v0
  version: 3887ee99ecf07df5b447e9b00d9c0b2adaa9f3e4
- name: k8s.io/kubernetes
  version: a0bfee0d3899d2b91530552a536405c1fe1a1d2a
  subpackages:
  - pkg/api
  - pkg/client/restclient
  - pkg/client/unversioned
  - pkg/client/unversioned/clientcmd
  - pkg/api/errors
  - pkg/api/install
  - pkg/api/meta
  - pkg/api/unversioned
  - pkg/apimachinery/registered
  - pkg/apis/apps
  - pkg/apis/apps/install
  - pkg/apis/authentication.k8s.io/install
  - pkg/apis/authorization/install
  - pkg/apis/autoscaling
  - pkg/apis/autoscaling/install
  - pkg/apis/batch
  - pkg/apis/batch/install
  - pkg/apis/batch/v2alpha1
  - pkg/apis/componentconfig/install
  - pkg/apis/extensions
  - pkg/apis/extensions/install
  - pkg/apis/policy
  - pkg/apis/policy/install
  - pkg/apis/rbac
  - pkg/apis/rbac/install
  - pkg/client/typed/discovery
  - pkg/fields
  - pkg/runtime
  - pkg/util/net
  - pkg/util/sets
  - pkg/util/wait
  - pkg/version
  - pkg/watch
  - plugin/pkg/client/auth
  - pkg/client/unversioned/auth
  - pkg/client/unversioned/clientcmd/api
  - pkg/client/unversioned/clientcmd/api/latest
  - pkg/util/errors
  - pkg/util/homedir
  - pkg/util/validation
  - pkg/api/meta/metatypes
  - pkg/api/resource
  - pkg/auth/user
  - pkg/conversion
  - pkg/labels
  - pkg/runtime/serializer
  - pkg/types
  - pkg/util
  - pkg/util/intstr
  - pkg/util/rand
  - pkg/util/validation/field
  - pkg/api/v1
  - pkg/apimachinery
  - pkg/watch/versioned
  - pkg/apis/apps/v1alpha1
  - pkg/apis/authentication.k8s.io
  - pkg/apis/authentication.k8s.io/v1beta1
  - pkg/apis/authorization
  - pkg/apis/authorization/v1beta1
  - pkg/apis/autoscaling/v1
  - pkg/apis/batch/v1
  - pkg/apis/componentconfig
  - pkg/apis/componentconfig/v1alpha1
  - pkg/apis/extensions/v1beta1
  - pkg/apis/policy/v1alpha1
  - pkg/apis/rbac/v1alpha1
  - pkg/api/validation
  - pkg/client/metrics
  - pkg/client/transport
  - pkg/runtime/serializer/streaming
  - pkg/util/crypto
  - pkg/util/flowcontrol
  - pkg/conversion/queryparams
  - pkg/util/json
  - pkg/util/runtime
  - plugin/pkg/client/auth/gcp
  - plugin/pkg/client/auth/oidc
  - pkg/client/unversioned/clientcmd/api/v1
  - pkg/runtime/serializer/json
  - pkg/runtime/serializer/versioning
  - third_party/forked/reflect
  - pkg/runtime/serializer/protobuf
  - pkg/runtime/serializer/recognizer
  - pkg/util/parsers
  - pkg/kubelet/qos
  - pkg/master/ports
  - pkg/api/endpoints
  - pkg/api/pod
  - pkg/api/service
  - pkg/api/unversioned/validation
  - pkg/api/util
  - pkg/capabilities
  - pkg/util/yaml
  - pkg/util/integer
  - pkg/util/framer
  - pkg/kubelet/qos/util
  - pkg/util/hash
  - pkg/util/net/sets
devImports: []
